
Microsoft Visual Studio Solution File, Format Version 12.00
# Visual Studio 15
VisualStudioVersion = 15.0.26430.12
MinimumVisualStudioVersion = 10.0.40219.1
Project("{FAE04EC0-301F-11D3-BF4B-00C04F79EFBC}") = "CoffeeStoreWebApi", "CoffeeStoreWebApi\CoffeeStoreWebApi.csproj", "{A841DB99-465F-47C1-A480-5783174CE89D}"
EndProject
Project("{FAE04EC0-301F-11D3-BF4B-00C04F79EFBC}") = "CoffeeStoreClient", "CoffeeStoreClient\CoffeeStoreClient.csproj", "{8837B3C9-6B08-4C39-9927-797E7B314BBC}"
EndProject
Global
	GlobalSection(SolutionConfigurationPlatforms) = preSolution
		Debug|Any CPU = Debug|Any CPU
		Release|Any CPU = Release|Any CPU
	EndGlobalSection
	GlobalSection(ProjectConfigurationPlatforms) = postSolution
		{A841DB99-465F-47C1-A480-5783174CE89D}.Debug|Any CPU.ActiveCfg = Debug|Any CPU
		{A841DB99-465F-47C1-A480-5783174CE89D}.Debug|Any CPU.Build.0 = Debug|Any CPU
		{A841DB99-465F-47C1-A480-5783174CE89D}.Release|Any CPU.ActiveCfg = Release|Any CPU
		{A841DB99-465F-47C1-A480-5783174CE89D}.Release|Any CPU.Build.0 = Release|Any CPU
		{8837B3C9-6B08-4C39-9927-797E7B314BBC}.Debug|Any CPU.ActiveCfg = Debug|Any CPU
		{8837B3C9-6B08-4C39-9927-797E7B314BBC}.Debug|Any CPU.Build.0 = Debug|Any CPU
		{8837B3C9-6B08-4C39-9927-797E7B314BBC}.Release|Any CPU.ActiveCfg = Release|Any CPU
		{8837B3C9-6B08-4C39-9927-797E7B314BBC}.Release|Any CPU.Build.0 = Release|Any CPU
	EndGlobalSection
	GlobalSection(SolutionProperties) = preSolution
		HideSolutionNode = FALSE
	EndGlobalSection
EndGlobal
